
Microsoft Visual Studio Solution File, Format Version 12.00
# Visual Studio Version 16
VisualStudioVersion = 16.0.30524.135
MinimumVisualStudioVersion = 10.0.40219.1
Project("{FAE04EC0-301F-11D3-BF4B-00C04F79EFBC}") = "Covid19", "Covid19\Covid19.csproj", "{870AD2FD-0737-4BB1-A39C-8D88A10AF6E1}"
EndProject
Project("{FAE04EC0-301F-11D3-BF4B-00C04F79EFBC}") = "Covid19Tests", "Covid19Tests\Covid19Tests.csproj", "{300F9B9D-1D81-4C44-BEC9-105DFA396FC2}"
EndProject
Global
	GlobalSection(SolutionConfigurationPlatforms) = preSolution
		Debug|Any CPU = Debug|Any CPU
		Release|Any CPU = Release|Any CPU
	EndGlobalSection
	GlobalSection(ProjectConfigurationPlatforms) = postSolution
		{870AD2FD-0737-4BB1-A39C-8D88A10AF6E1}.Debug|Any CPU.ActiveCfg = Debug|Any CPU
		{870AD2FD-0737-4BB1-A39C-8D88A10AF6E1}.Debug|Any CPU.Build.0 = Debug|Any CPU
		{870AD2FD-0737-4BB1-A39C-8D88A10AF6E1}.Release|Any CPU.ActiveCfg = Release|Any CPU
		{870AD2FD-0737-4BB1-A39C-8D88A10AF6E1}.Release|Any CPU.Build.0 = Release|Any CPU
		{300F9B9D-1D81-4C44-BEC9-105DFA396FC2}.Debug|Any CPU.ActiveCfg = Debug|Any CPU
		{300F9B9D-1D81-4C44-BEC9-105DFA396FC2}.Debug|Any CPU.Build.0 = Debug|Any CPU
		{300F9B9D-1D81-4C44-BEC9-105DFA396FC2}.Release|Any CPU.ActiveCfg = Release|Any CPU
		{300F9B9D-1D81-4C44-BEC9-105DFA396FC2}.Release|Any CPU.Build.0 = Release|Any CPU
	EndGlobalSection
	GlobalSection(SolutionProperties) = preSolution
		HideSolutionNode = FALSE
	EndGlobalSection
	GlobalSection(ExtensibilityGlobals) = postSolution
		SolutionGuid = {42B8699B-C503-4815-A740-B0D196AEE89F}
	EndGlobalSection
EndGlobal
